# This file is automatically @generated by Cargo.
# It is not intended for manual editing.
version = 4

[[package]]
name = "mkIf"
version = "0.1.0"
dependencies = [
 "nix-wasm-rust",
]

[[package]]
name = "mkMerge"
version = "0.1.0"
dependencies = [
 "nix-wasm-rust",
]

[[package]]
name = "nix-wasm-rust"
version = "0.1.0"
source = "git+https://github.com/DeterminateSystems/nix-wasm-rust.git#1d5362c96b2d5f84b1b4f34b179a357abf5d0d22"
